
Microsoft Visual Studio Solution File, Format Version 12.00
# Visual Studio Version 17
VisualStudioVersion = 17.0.31903.59
MinimumVisualStudioVersion = 10.0.40219.1
Project("{2150E333-8FDC-42A3-9474-1A3956D46DE8}") = "src", "src", "{7E15E73B-F0BD-4A0E-B16B-D80817815AF6}"
EndProject
Project("{2150E333-8FDC-42A3-9474-1A3956D46DE8}") = "test", "test", "{D0035EC7-0CA1-4352-9A8D-ECE1A13668EA}"
EndProject
Project("{FAE04EC0-301F-11D3-BF4B-00C04F79EFBC}") = "rule-engine.app", "src\rule-engine.app\rule-engine.app.csproj", "{0BF9166A-1C09-42DB-B011-03CB73125A42}"
EndProject
Project("{FAE04EC0-301F-11D3-BF4B-00C04F79EFBC}") = "rule-engine.unit.tests", "test\rule-engine.unit.tests\rule-engine.unit.tests.csproj", "{687F8F45-1911-46FB-B1CD-AC901E8ACC0B}"
EndProject
Global
	GlobalSection(SolutionConfigurationPlatforms) = preSolution
		Debug|Any CPU = Debug|Any CPU
		Release|Any CPU = Release|Any CPU
	EndGlobalSection
	GlobalSection(SolutionProperties) = preSolution
		HideSolutionNode = FALSE
	EndGlobalSection
	GlobalSection(NestedProjects) = preSolution
		{0BF9166A-1C09-42DB-B011-03CB73125A42} = {7E15E73B-F0BD-4A0E-B16B-D80817815AF6}
		{687F8F45-1911-46FB-B1CD-AC901E8ACC0B} = {D0035EC7-0CA1-4352-9A8D-ECE1A13668EA}
	EndGlobalSection
	GlobalSection(ProjectConfigurationPlatforms) = postSolution
		{0BF9166A-1C09-42DB-B011-03CB73125A42}.Debug|Any CPU.ActiveCfg = Debug|Any CPU
		{0BF9166A-1C09-42DB-B011-03CB73125A42}.Debug|Any CPU.Build.0 = Debug|Any CPU
		{0BF9166A-1C09-42DB-B011-03CB73125A42}.Release|Any CPU.ActiveCfg = Release|Any CPU
		{0BF9166A-1C09-42DB-B011-03CB73125A42}.Release|Any CPU.Build.0 = Release|Any CPU
		{687F8F45-1911-46FB-B1CD-AC901E8ACC0B}.Debug|Any CPU.ActiveCfg = Debug|Any CPU
		{687F8F45-1911-46FB-B1CD-AC901E8ACC0B}.Debug|Any CPU.Build.0 = Debug|Any CPU
		{687F8F45-1911-46FB-B1CD-AC901E8ACC0B}.Release|Any CPU.ActiveCfg = Release|Any CPU
		{687F8F45-1911-46FB-B1CD-AC901E8ACC0B}.Release|Any CPU.Build.0 = Release|Any CPU
	EndGlobalSection
EndGlobal
